
Microsoft Visual Studio Solution File, Format Version 12.00
# Visual Studio 15
VisualStudioVersion = 15.0.26430.14
MinimumVisualStudioVersion = 15.0.26124.0
Project("{9A19103F-16F7-4668-BE54-9A1E7A4F7556}") = "UnidecodeSharpCore", "src\UnidecodeSharpCore\UnidecodeSharpCore.csproj", "{D6A5FC2B-6FC1-4C30-AED7-5F050696459C}"
EndProject
Project("{9A19103F-16F7-4668-BE54-9A1E7A4F7556}") = "UnidecodeSharpCore.Test", "test\UnidecodeSharpCore.Test\UnidecodeSharpCore.Test.csproj", "{6855CB82-D744-4F3E-A396-ACA82D546C36}"
EndProject
Global
	GlobalSection(SolutionConfigurationPlatforms) = preSolution
		Debug|Any CPU = Debug|Any CPU
		Debug|x64 = Debug|x64
		Debug|x86 = Debug|x86
		Release|Any CPU = Release|Any CPU
		Release|x64 = Release|x64
		Release|x86 = Release|x86
	EndGlobalSection
	GlobalSection(ProjectConfigurationPlatforms) = postSolution
		{D6A5FC2B-6FC1-4C30-AED7-5F050696459C}.Debug|Any CPU.ActiveCfg = Debug|Any CPU
		{D6A5FC2B-6FC1-4C30-AED7-5F050696459C}.Debug|Any CPU.Build.0 = Debug|Any CPU
		{D6A5FC2B-6FC1-4C30-AED7-5F050696459C}.Debug|x64.ActiveCfg = Debug|Any CPU
		{D6A5FC2B-6FC1-4C30-AED7-5F050696459C}.Debug|x64.Build.0 = Debug|Any CPU
		{D6A5FC2B-6FC1-4C30-AED7-5F050696459C}.Debug|x86.ActiveCfg = Debug|Any CPU
		{D6A5FC2B-6FC1-4C30-AED7-5F050696459C}.Debug|x86.Build.0 = Debug|Any CPU
		{D6A5FC2B-6FC1-4C30-AED7-5F050696459C}.Release|Any CPU.ActiveCfg = Release|Any CPU
		{D6A5FC2B-6FC1-4C30-AED7-5F050696459C}.Release|Any CPU.Build.0 = Release|Any CPU
		{D6A5FC2B-6FC1-4C30-AED7-5F050696459C}.Release|x64.ActiveCfg = Release|Any CPU
		{D6A5FC2B-6FC1-4C30-AED7-5F050696459C}.Release|x64.Build.0 = Release|Any CPU
		{D6A5FC2B-6FC1-4C30-AED7-5F050696459C}.Release|x86.ActiveCfg = Release|Any CPU
		{D6A5FC2B-6FC1-4C30-AED7-5F050696459C}.Release|x86.Build.0 = Release|Any CPU
		{6855CB82-D744-4F3E-A396-ACA82D546C36}.Debug|Any CPU.ActiveCfg = Debug|Any CPU
		{6855CB82-D744-4F3E-A396-ACA82D546C36}.Debug|Any CPU.Build.0 = Debug|Any CPU
		{6855CB82-D744-4F3E-A396-ACA82D546C36}.Debug|x64.ActiveCfg = Debug|Any CPU
		{6855CB82-D744-4F3E-A396-ACA82D546C36}.Debug|x64.Build.0 = Debug|Any CPU
		{6855CB82-D744-4F3E-A396-ACA82D546C36}.Debug|x86.ActiveCfg = Debug|Any CPU
		{6855CB82-D744-4F3E-A396-ACA82D546C36}.Debug|x86.Build.0 = Debug|Any CPU
		{6855CB82-D744-4F3E-A396-ACA82D546C36}.Release|Any CPU.ActiveCfg = Release|Any CPU
		{6855CB82-D744-4F3E-A396-ACA82D546C36}.Release|Any CPU.Build.0 = Release|Any CPU
		{6855CB82-D744-4F3E-A396-ACA82D546C36}.Release|x64.ActiveCfg = Release|Any CPU
		{6855CB82-D744-4F3E-A396-ACA82D546C36}.Release|x64.Build.0 = Release|Any CPU
		{6855CB82-D744-4F3E-A396-ACA82D546C36}.Release|x86.ActiveCfg = Release|Any CPU
		{6855CB82-D744-4F3E-A396-ACA82D546C36}.Release|x86.Build.0 = Release|Any CPU
	EndGlobalSection
	GlobalSection(SolutionProperties) = preSolution
		HideSolutionNode = FALSE
	EndGlobalSection
EndGlobal
